
Microsoft Visual Studio Solution File, Format Version 12.00
# Visual Studio 15
VisualStudioVersion = 15.0.28307.1022
MinimumVisualStudioVersion = 10.0.40219.1
Project("{FAE04EC0-301F-11D3-BF4B-00C04F79EFBC}") = "MainApplication", "MainApplication\MainApplication.csproj", "{C6A58BD5-AAE2-4D08-BBA6-7BDAB96A1AB3}"
EndProject
Global
	GlobalSection(SolutionConfigurationPlatforms) = preSolution
		Debug|Any CPU = Debug|Any CPU
		Release|Any CPU = Release|Any CPU
	EndGlobalSection
	GlobalSection(ProjectConfigurationPlatforms) = postSolution
		{C6A58BD5-AAE2-4D08-BBA6-7BDAB96A1AB3}.Debug|Any CPU.ActiveCfg = Debug|Any CPU
		{C6A58BD5-AAE2-4D08-BBA6-7BDAB96A1AB3}.Debug|Any CPU.Build.0 = Debug|Any CPU
		{C6A58BD5-AAE2-4D08-BBA6-7BDAB96A1AB3}.Release|Any CPU.ActiveCfg = Release|Any CPU
		{C6A58BD5-AAE2-4D08-BBA6-7BDAB96A1AB3}.Release|Any CPU.Build.0 = Release|Any CPU
	EndGlobalSection
	GlobalSection(SolutionProperties) = preSolution
		HideSolutionNode = FALSE
	EndGlobalSection
	GlobalSection(ExtensibilityGlobals) = postSolution
		SolutionGuid = {61469544-57FD-4224-B02B-14DED768AAA6}
	EndGlobalSection
EndGlobal
